
Microsoft Visual Studio Solution File, Format Version 12.00
# Visual Studio Version 17
VisualStudioVersion = 17.5.33530.505
MinimumVisualStudioVersion = 10.0.40219.1
Project("{8BC9CEB8-8B4A-11D0-8D11-00A0C91BC942}") = "mfc_test45_tcpclient1", "mfc_test45_tcpclient1.vcxproj", "{217A72DB-C837-4A5F-987D-2D3E4D449D39}"
EndProject
Global
	GlobalSection(SolutionConfigurationPlatforms) = preSolution
		Debug|x64 = Debug|x64
		Debug|x86 = Debug|x86
		Release|x64 = Release|x64
		Release|x86 = Release|x86
	EndGlobalSection
	GlobalSection(ProjectConfigurationPlatforms) = postSolution
		{217A72DB-C837-4A5F-987D-2D3E4D449D39}.Debug|x64.ActiveCfg = Debug|x64
		{217A72DB-C837-4A5F-987D-2D3E4D449D39}.Debug|x64.Build.0 = Debug|x64
		{217A72DB-C837-4A5F-987D-2D3E4D449D39}.Debug|x86.ActiveCfg = Debug|Win32
		{217A72DB-C837-4A5F-987D-2D3E4D449D39}.Debug|x86.Build.0 = Debug|Win32
		{217A72DB-C837-4A5F-987D-2D3E4D449D39}.Release|x64.ActiveCfg = Release|x64
		{217A72DB-C837-4A5F-987D-2D3E4D449D39}.Release|x64.Build.0 = Release|x64
		{217A72DB-C837-4A5F-987D-2D3E4D449D39}.Release|x86.ActiveCfg = Release|Win32
		{217A72DB-C837-4A5F-987D-2D3E4D449D39}.Release|x86.Build.0 = Release|Win32
	EndGlobalSection
	GlobalSection(SolutionProperties) = preSolution
		HideSolutionNode = FALSE
	EndGlobalSection
	GlobalSection(ExtensibilityGlobals) = postSolution
		SolutionGuid = {9A1F826B-65E6-4164-8590-EDD209CE449F}
	EndGlobalSection
EndGlobal
